// !$*UTF8*$!
{
	archiveVersion = 1;
	classes = {
	};
	objectVersion = 50;
	objects = {

/* Begin PBXBuildFile section */
		ACA7EAA72083961000B316BB /* AppDelegate.swift in Sources */ = {isa = PBXBuildFile; fileRef = ACA7EAA62083961000B316BB /* AppDelegate.swift */; };
		ACA7EAA92083961000B316BB /* ViewController.swift in Sources */ = {isa = PBXBuildFile; fileRef = ACA7EAA82083961000B316BB /* ViewController.swift */; };
		ACA7EAAC2083961000B316BB /* Main.storyboard in Resources */ = {isa = PBXBuildFile; fileRef = ACA7EAAA2083961000B316BB /* Main.storyboard */; };
		ACA7EAAE2083961200B316BB /* Assets.xcassets in Resources */ = {isa = PBXBuildFile; fileRef = ACA7EAAD2083961200B316BB /* Assets.xcassets */; };
		ACA7EAB12083961200B316BB /* LaunchScreen.storyboard in Resources */ = {isa = PBXBuildFile; fileRef = ACA7EAAF2083961200B316BB /* LaunchScreen.storyboard */; };
		ACA7EABC2083961200B316BB /* NetworkingTests.swift in Sources */ = {isa = PBXBuildFile; fileRef = ACA7EABB2083961200B316BB /* NetworkingTests.swift */; };
		ACA7EAC72083961200B316BB /* NetworkingUITests.swift in Sources */ = {isa = PBXBuildFile; fileRef = ACA7EAC62083961200B316BB /* NetworkingUITests.swift */; };
/* End PBXBuildFile section */

/* Begin PBXContainerItemProxy section */
		ACA7EAB82083961200B316BB /* PBXContainerItemProxy */ = {
			isa = PBXContainerItemProxy;
			containerPortal = ACA7EA9B2083961000B316BB /* Project object */;
			proxyType = 1;
			remoteGlobalIDString = ACA7EAA22083961000B316BB;
			remoteInfo = Networking;
		};
		ACA7EAC32083961200B316BB /* PBXContainerItemProxy */ = {
			isa = PBXContainerItemProxy;
			containerPortal = ACA7EA9B2083961000B316BB /* Project object */;
			proxyType = 1;
			remoteGlobalIDString = ACA7EAA22083961000B316BB;
			remoteInfo = Networking;
		};
/* End PBXContainerItemProxy section */

/* Begin PBXFileReference section */
		ACA7EAA32083961000B316BB /* Networking.app */ = {isa = PBXFileReference; explicitFileType = wrapper.application; includeInIndex = 0; path = Networking.app; sourceTree = BUILT_PRODUCTS_DIR; };
		ACA7EAA62083961000B316BB /* AppDelegate.swift */ = {isa = PBXFileReference; lastKnownFileType = sourcecode.swift; path = AppDelegate.swift; sourceTree = "<group>"; };
		ACA7EAA82083961000B316BB /* ViewController.swift */ = {isa = PBXFileReference; lastKnownFileType = sourcecode.swift; path = ViewController.swift; sourceTree = "<group>"; };
		ACA7EAAB2083961000B316BB /* Base */ = {isa = PBXFileReference; lastKnownFileType = file.storyboard; name = Base; path = Base.lproj/Main.storyboard; sourceTree = "<group>"; };
		ACA7EAAD2083961200B316BB /* Assets.xcassets */ = {isa = PBXFileReference; lastKnownFileType = folder.assetcatalog; path = Assets.xcassets; sourceTree = "<group>"; };
		ACA7EAB02083961200B316BB /* Base */ = {isa = PBXFileReference; lastKnownFileType = file.storyboard; name = Base; path = Base.lproj/LaunchScreen.storyboard; sourceTree = "<group>"; };
		ACA7EAB22083961200B316BB /* Info.plist */ = {isa = PBXFileReference; lastKnownFileType = text.plist.xml; path = Info.plist; sourceTree = "<group>"; };
		ACA7EAB72083961200B316BB /* NetworkingTests.xctest */ = {isa = PBXFileReference; explicitFileType = wrapper.cfbundle; includeInIndex = 0; path = NetworkingTests.xctest; sourceTree = BUILT_PRODUCTS_DIR; };
		ACA7EABB2083961200B316BB /* NetworkingTests.swift */ = {isa = PBXFileReference; lastKnownFileType = sourcecode.swift; path = NetworkingTests.swift; sourceTree = "<group>"; };
		ACA7EABD2083961200B316BB /* Info.plist */ = {isa = PBXFileReference; lastKnownFileType = text.plist.xml; path = Info.plist; sourceTree = "<group>"; };
		ACA7EAC22083961200B316BB /* NetworkingUITests.xctest */ = {isa = PBXFileReference; explicitFileType = wrapper.cfbundle; includeInIndex = 0; path = NetworkingUITests.xctest; sourceTree = BUILT_PRODUCTS_DIR; };
		ACA7EAC62083961200B316BB /* NetworkingUITests.swift */ = {isa = PBXFileReference; lastKnownFileType = sourcecode.swift; path = NetworkingUITests.swift; sourceTree = "<group>"; };
		ACA7EAC82083961200B316BB /* Info.plist */ = {isa = PBXFileReference; lastKnownFileType = text.plist.xml; path = Info.plist; sourceTree = "<group>"; };
/* End PBXFileReference section */

/* Begin PBXFrameworksBuildPhase section */
		ACA7EAA02083961000B316BB /* Frameworks */ = {
			isa = PBXFrameworksBuildPhase;
			buildActionMask = 2147483647;
			files = (
			);
			runOnlyForDeploymentPostprocessing = 0;
		};
		ACA7EAB42083961200B316BB /* Frameworks */ = {
			isa = PBXFrameworksBuildPhase;
			buildActionMask = 2147483647;
			files = (
			);
			runOnlyForDeploymentPostprocessing = 0;
		};
		ACA7EABF2083961200B316BB /* Frameworks */ = {
			isa = PBXFrameworksBuildPhase;
			buildActionMask = 2147483647;
			files = (
			);
			runOnlyForDeploymentPostprocessing = 0;
		};
/* End PBXFrameworksBuildPhase section */

/* Begin PBXGroup section */
		ACA7EA9A2083961000B316BB = {
			isa = PBXGroup;
			children = (
				ACA7EAA52083961000B316BB /* Networking */,
				ACA7EABA2083961200B316BB /* NetworkingTests */,
				ACA7EAC52083961200B316BB /* NetworkingUITests */,
				ACA7EAA42083961000B316BB /* Products */,
			);
			sourceTree = "<group>";
		};
		ACA7EAA42083961000B316BB /* Products */ = {
			isa = PBXGroup;
			children = (
				ACA7EAA32083961000B316BB /* Networking.app */,
				ACA7EAB72083961200B316BB /* NetworkingTests.xctest */,
				ACA7EAC22083961200B316BB /* NetworkingUITests.xctest */,
			);
			name = Products;
			sourceTree = "<group>";
		};
		ACA7EAA52083961000B316BB /* Networking */ = {
			isa = PBXGroup;
			children = (
				ACA7EAA62083961000B316BB /* AppDelegate.swift */,
				ACA7EAA82083961000B316BB /* ViewController.swift */,
				ACA7EAAA2083961000B316BB /* Main.storyboard */,
				ACA7EAAD2083961200B316BB /* Assets.xcassets */,
				ACA7EAAF2083961200B316BB /* LaunchScreen.storyboard */,
				ACA7EAB22083961200B316BB /* Info.plist */,
			);
			path = Networking;
			sourceTree = "<group>";
		};
		ACA7EABA2083961200B316BB /* NetworkingTests */ = {
			isa = PBXGroup;
			children = (
				ACA7EABB2083961200B316BB /* NetworkingTests.swift */,
				ACA7EABD2083961200B316BB /* Info.plist */,
			);
			path = NetworkingTests;
			sourceTree = "<group>";
		};
		ACA7EAC52083961200B316BB /* NetworkingUITests */ = {
			isa = PBXGroup;
			children = (
				ACA7EAC62083961200B316BB /* NetworkingUITests.swift */,
				ACA7EAC82083961200B316BB /* Info.plist */,
			);
			path = NetworkingUITests;
			sourceTree = "<group>";
		};
/* End PBXGroup section */

/* Begin PBXNativeTarget section */
		ACA7EAA22083961000B316BB /* Networking */ = {
			isa = PBXNativeTarget;
			buildConfigurationList = ACA7EACB2083961200B316BB /* Build configuration list for PBXNativeTarget "Networking" */;
			buildPhases = (
				ACA7EA9F2083961000B316BB /* Sources */,
				ACA7EAA02083961000B316BB /* Frameworks */,
				ACA7EAA12083961000B316BB /* Resources */,
			);
			buildRules = (
			);
			dependencies = (
			);
			name = Networking;
			productName = Networking;
			productReference = ACA7EAA32083961000B316BB /* Networking.app */;
			productType = "com.apple.product-type.application";
		};
		ACA7EAB62083961200B316BB /* NetworkingTests */ = {
			isa = PBXNativeTarget;
			buildConfigurationList = ACA7EACE2083961200B316BB /* Build configuration list for PBXNativeTarget "NetworkingTests" */;
			buildPhases = (
				ACA7EAB32083961200B316BB /* Sources */,
				ACA7EAB42083961200B316BB /* Frameworks */,
				ACA7EAB52083961200B316BB /* Resources */,
			);
			buildRules = (
			);
			dependencies = (
				ACA7EAB92083961200B316BB /* PBXTargetDependency */,
			);
			name = NetworkingTests;
			productName = NetworkingTests;
			productReference = ACA7EAB72083961200B316BB /* NetworkingTests.xctest */;
			productType = "com.apple.product-type.bundle.unit-test";
		};
		ACA7EAC12083961200B316BB /* NetworkingUITests */ = {
			isa = PBXNativeTarget;
			buildConfigurationList = ACA7EAD12083961200B316BB /* Build configuration list for PBXNativeTarget "NetworkingUITests" */;
			buildPhases = (
				ACA7EABE2083961200B316BB /* Sources */,
				ACA7EABF2083961200B316BB /* Frameworks */,
				ACA7EAC02083961200B316BB /* Resources */,
			);
			buildRules = (
			);
			dependencies = (
				ACA7EAC42083961200B316BB /* PBXTargetDependency */,
			);
			name = NetworkingUITests;
			productName = NetworkingUITests;
			productReference = ACA7EAC22083961200B316BB /* NetworkingUITests.xctest */;
			productType = "com.apple.product-type.bundle.ui-testing";
		};
/* End PBXNativeTarget section */

/* Begin PBXProject section */
		ACA7EA9B2083961000B316BB /* Project object */ = {
			isa = PBXProject;
			attributes = {
				LastSwiftUpdateCheck = 0930;
				LastUpgradeCheck = 0930;
				ORGANIZATIONNAME = Shinkan;
				TargetAttributes = {
					ACA7EAA22083961000B316BB = {
						CreatedOnToolsVersion = 9.3;
					};
					ACA7EAB62083961200B316BB = {
						CreatedOnToolsVersion = 9.3;
						TestTargetID = ACA7EAA22083961000B316BB;
					};
					ACA7EAC12083961200B316BB = {
						CreatedOnToolsVersion = 9.3;
						TestTargetID = ACA7EAA22083961000B316BB;
					};
				};
			};
			buildConfigurationList = ACA7EA9E2083961000B316BB /* Build configuration list for PBXProject "Networking" */;
			compatibilityVersion = "Xcode 9.3";
			developmentRegion = en;
			hasScannedForEncodings = 0;
			knownRegions = (
				en,
				Base,
			);
			mainGroup = ACA7EA9A2083961000B316BB;
			productRefGroup = ACA7EAA42083961000B316BB /* Products */;
			projectDirPath = "";
			projectRoot = "";
			targets = (
				ACA7EAA22083961000B316BB /* Networking */,
				ACA7EAB62083961200B316BB /* NetworkingTests */,
				ACA7EAC12083961200B316BB /* NetworkingUITests */,
			);
		};
/* End PBXProject section */

/* Begin PBXResourcesBuildPhase section */
		ACA7EAA12083961000B316BB /* Resources */ = {
			isa = PBXResourcesBuildPhase;
			buildActionMask = 2147483647;
			files = (
				ACA7EAB12083961200B316BB /* LaunchScreen.storyboard in Resources */,
				ACA7EAAE2083961200B316BB /* Assets.xcassets in Resources */,
				ACA7EAAC2083961000B316BB /* Main.storyboard in Resources */,
			);
			runOnlyForDeploymentPostprocessing = 0;
		};
		ACA7EAB52083961200B316BB /* Resources */ = {
			isa = PBXResourcesBuildPhase;
			buildActionMask = 2147483647;
			files = (
			);
			runOnlyForDeploymentPostprocessing = 0;
		};
		ACA7EAC02083961200B316BB /* Resources */ = {
			isa = PBXResourcesBuildPhase;
			buildActionMask = 2147483647;
			files = (
			);
			runOnlyForDeploymentPostprocessing = 0;
		};
/* End PBXResourcesBuildPhase section */

/* Begin PBXSourcesBuildPhase section */
		ACA7EA9F2083961000B316BB /* Sources */ = {
			isa = PBXSourcesBuildPhase;
			buildActionMask = 2147483647;
			files = (
				ACA7EAA92083961000B316BB /* ViewController.swift in Sources */,
				ACA7EAA72083961000B316BB /* AppDelegate.swift in Sources */,
			);
			runOnlyForDeploymentPostprocessing = 0;
		};
		ACA7EAB32083961200B316BB /* Sources */ = {
			isa = PBXSourcesBuildPhase;
			buildActionMask = 2147483647;
			files = (
				ACA7EABC2083961200B316BB /* NetworkingTests.swift in Sources */,
			);
			runOnlyForDeploymentPostprocessing = 0;
		};
		ACA7EABE2083961200B316BB /* Sources */ = {
			isa = PBXSourcesBuildPhase;
			buildActionMask = 2147483647;
			files = (
				ACA7EAC72083961200B316BB /* NetworkingUITests.swift in Sources */,
			);
			runOnlyForDeploymentPostprocessing = 0;
		};
/* End PBXSourcesBuildPhase section */

/* Begin PBXTargetDependency section */
		ACA7EAB92083961200B316BB /* PBXTargetDependency */ = {
			isa = PBXTargetDependency;
			target = ACA7EAA22083961000B316BB /* Networking */;
			targetProxy = ACA7EAB82083961200B316BB /* PBXContainerItemProxy */;
		};
		ACA7EAC42083961200B316BB /* PBXTargetDependency */ = {
			isa = PBXTargetDependency;
			target = ACA7EAA22083961000B316BB /* Networking */;
			targetProxy = ACA7EAC32083961200B316BB /* PBXContainerItemProxy */;
		};
/* End PBXTargetDependency section */

/* Begin PBXVariantGroup section */
		ACA7EAAA2083961000B316BB /* Main.storyboard */ = {
			isa = PBXVariantGroup;
			children = (
				ACA7EAAB2083961000B316BB /* Base */,
			);
			name = Main.storyboard;
			sourceTree = "<group>";
		};
		ACA7EAAF2083961200B316BB /* LaunchScreen.storyboard */ = {
			isa = PBXVariantGroup;
			children = (
				ACA7EAB02083961200B316BB /* Base */,
			);
			name = LaunchScreen.storyboard;
			sourceTree = "<group>";
		};
/* End PBXVariantGroup section */

/* Begin XCBuildConfiguration section */
		ACA7EAC92083961200B316BB /* Debug */ = {
			isa = XCBuildConfiguration;
			buildSettings = {
				ALWAYS_SEARCH_USER_PATHS = NO;
				CLANG_ANALYZER_NONNULL = YES;
				CLANG_ANALYZER_NUMBER_OBJECT_CONVERSION = YES_AGGRESSIVE;
				CLANG_CXX_LANGUAGE_STANDARD = "gnu++14";
				CLANG_CXX_LIBRARY = "libc++";
				CLANG_ENABLE_MODULES = YES;
				CLANG_ENABLE_OBJC_ARC = YES;
				CLANG_ENABLE_OBJC_WEAK = YES;
				CLANG_WARN_BLOCK_CAPTURE_AUTORELEASING = YES;
				CLANG_WARN_BOOL_CONVERSION = YES;
				CLANG_WARN_COMMA = YES;
				CLANG_WARN_CONSTANT_CONVERSION = YES;
				CLANG_WARN_DEPRECATED_OBJC_IMPLEMENTATIONS = YES;
				CLANG_WARN_DIRECT_OBJC_ISA_USAGE = YES_ERROR;
				CLANG_WARN_DOCUMENTATION_COMMENTS = YES;
				CLANG_WARN_EMPTY_BODY = YES;
				CLANG_WARN_ENUM_CONVERSION = YES;
				CLANG_WARN_INFINITE_RECURSION = YES;
				CLANG_WARN_INT_CONVERSION = YES;
				CLANG_WARN_NON_LITERAL_NULL_CONVERSION = YES;
				CLANG_WARN_OBJC_IMPLICIT_RETAIN_SELF = YES;
				CLANG_WARN_OBJC_LITERAL_CONVERSION = YES;
				CLANG_WARN_OBJC_ROOT_CLASS = YES_ERROR;
				CLANG_WARN_RANGE_LOOP_ANALYSIS = YES;
				CLANG_WARN_STRICT_PROTOTYPES = YES;
				CLANG_WARN_SUSPICIOUS_MOVE = YES;
				CLANG_WARN_UNGUARDED_AVAILABILITY = YES_AGGRESSIVE;
				CLANG_WARN_UNREACHABLE_CODE = YES;
				CLANG_WARN__DUPLICATE_METHOD_MATCH = YES;
				CODE_SIGN_IDENTITY = "iPhone Developer";
				COPY_PHASE_STRIP = NO;
				DEBUG_INFORMATION_FORMAT = dwarf;
				ENABLE_STRICT_OBJC_MSGSEND = YES;
				ENABLE_TESTABILITY = YES;
				GCC_C_LANGUAGE_STANDARD = gnu11;
				GCC_DYNAMIC_NO_PIC = NO;
				GCC_NO_COMMON_BLOCKS = YES;
				GCC_OPTIMIZATION_LEVEL = 0;
				GCC_PREPROCESSOR_DEFINITIONS = (
					"DEBUG=1",
					"$(inherited)",
				);
				GCC_WARN_64_TO_32_BIT_CONVERSION = YES;
				GCC_WARN_ABOUT_RETURN_TYPE = YES_ERROR;
				GCC_WARN_UNDECLARED_SELECTOR = YES;
				GCC_WARN_UNINITIALIZED_AUTOS = YES_AGGRESSIVE;
				GCC_WARN_UNUSED_FUNCTION = YES;
				GCC_WARN_UNUSED_VARIABLE = YES;
				IPHONEOS_DEPLOYMENT_TARGET = 11.3;
				MTL_ENABLE_DEBUG_INFO = YES;
				ONLY_ACTIVE_ARCH = YES;
				SDKROOT = iphoneos;
				SWIFT_ACTIVE_COMPILATION_CONDITIONS = DEBUG;
				SWIFT_OPTIMIZATION_LEVEL = "-Onone";
			};
			name = Debug;
		};
		ACA7EACA2083961200B316BB /* Release */ = {
			isa = XCBuildConfiguration;
			buildSettings = {
				ALWAYS_SEARCH_USER_PATHS = NO;
				CLANG_ANALYZER_NONNULL = YES;
				CLANG_ANALYZER_NUMBER_OBJECT_CONVERSION = YES_AGGRESSIVE;
				CLANG_CXX_LANGUAGE_STANDARD = "gnu++14";
				CLANG_CXX_LIBRARY = "libc++";
				CLANG_ENABLE_MODULES = YES;
				CLANG_ENABLE_OBJC_ARC = YES;
				CLANG_ENABLE_OBJC_WEAK = YES;
				CLANG_WARN_BLOCK_CAPTURE_AUTORELEASING = YES;
				CLANG_WARN_BOOL_CONVERSION = YES;
				CLANG_WARN_COMMA = YES;
				CLANG_WARN_CONSTANT_CONVERSION = YES;
				CLANG_WARN_DEPRECATED_OBJC_IMPLEMENTATIONS = YES;
				CLANG_WARN_DIRECT_OBJC_ISA_USAGE = YES_ERROR;
				CLANG_WARN_DOCUMENTATION_COMMENTS = YES;
				CLANG_WARN_EMPTY_BODY = YES;
				CLANG_WARN_ENUM_CONVERSION = YES;
				CLANG_WARN_INFINITE_RECURSION = YES;
				CLANG_WARN_INT_CONVERSION = YES;
				CLANG_WARN_NON_LITERAL_NULL_CONVERSION = YES;
				CLANG_WARN_OBJC_IMPLICIT_RETAIN_SELF = YES;
				CLANG_WARN_OBJC_LITERAL_CONVERSION = YES;
				CLANG_WARN_OBJC_ROOT_CLASS = YES_ERROR;
				CLANG_WARN_RANGE_LOOP_ANALYSIS = YES;
				CLANG_WARN_STRICT_PROTOTYPES = YES;
				CLANG_WARN_SUSPICIOUS_MOVE = YES;
				CLANG_WARN_UNGUARDED_AVAILABILITY = YES_AGGRESSIVE;
				CLANG_WARN_UNREACHABLE_CODE = YES;
				CLANG_WARN__DUPLICATE_METHOD_MATCH = YES;
				CODE_SIGN_IDENTITY = "iPhone Developer";
				COPY_PHASE_STRIP = NO;
				DEBUG_INFORMATION_FORMAT = "dwarf-with-dsym";
				ENABLE_NS_ASSERTIONS = NO;
				ENABLE_STRICT_OBJC_MSGSEND = YES;
				GCC_C_LANGUAGE_STANDARD = gnu11;
				GCC_NO_COMMON_BLOCKS = YES;
				GCC_WARN_64_TO_32_BIT_CONVERSION = YES;
				GCC_WARN_ABOUT_RETURN_TYPE = YES_ERROR;
				GCC_WARN_UNDECLARED_SELECTOR = YES;
				GCC_WARN_UNINITIALIZED_AUTOS = YES_AGGRESSIVE;
				GCC_WARN_UNUSED_FUNCTION = YES;
				GCC_WARN_UNUSED_VARIABLE = YES;
				IPHONEOS_DEPLOYMENT_TARGET = 11.3;
				MTL_ENABLE_DEBUG_INFO = NO;
				SDKROOT = iphoneos;
				SWIFT_COMPILATION_MODE = wholemodule;
				SWIFT_OPTIMIZATION_LEVEL = "-O";
				VALIDATE_PRODUCT = YES;
			};
			name = Release;
		};
		ACA7EACC2083961200B316BB /* Debug */ = {
			isa = XCBuildConfiguration;
			buildSettings = {
				ASSETCATALOG_COMPILER_APPICON_NAME = AppIcon;
				CODE_SIGN_STYLE = Automatic;
				DEVELOPMENT_TEAM = XH2U443B3J;
				INFOPLIST_FILE = Networking/Info.plist;
				LD_RUNPATH_SEARCH_PATHS = (
					"$(inherited)",
					"@executable_path/Frameworks",
				);
				PRODUCT_BUNDLE_IDENTIFIER = co.id.binar.Networking;
				PRODUCT_NAME = "$(TARGET_NAME)";
				SWIFT_VERSION = 4.0;
				TARGETED_DEVICE_FAMILY = "1,2";
			};
			name = Debug;
		};
		ACA7EACD2083961200B316BB /* Release */ = {
			isa = XCBuildConfiguration;
			buildSettings = {
				ASSETCATALOG_COMPILER_APPICON_NAME = AppIcon;
				CODE_SIGN_STYLE = Automatic;
				DEVELOPMENT_TEAM = XH2U443B3J;
				INFOPLIST_FILE = Networking/Info.plist;
				LD_RUNPATH_SEARCH_PATHS = (
					"$(inherited)",
					"@executable_path/Frameworks",
				);
				PRODUCT_BUNDLE_IDENTIFIER = co.id.binar.Networking;
				PRODUCT_NAME = "$(TARGET_NAME)";
				SWIFT_VERSION = 4.0;
				TARGETED_DEVICE_FAMILY = "1,2";
			};
			name = Release;
		};
		ACA7EACF2083961200B316BB /* Debug */ = {
			isa = XCBuildConfiguration;
			buildSettings = {
				ALWAYS_EMBED_SWIFT_STANDARD_LIBRARIES = YES;
				BUNDLE_LOADER = "$(TEST_HOST)";
				CODE_SIGN_STYLE = Automatic;
				DEVELOPMENT_TEAM = XH2U443B3J;
				INFOPLIST_FILE = NetworkingTests/Info.plist;
				LD_RUNPATH_SEARCH_PATHS = (
					"$(inherited)",
					"@executable_path/Frameworks",
					"@loader_path/Frameworks",
				);
				PRODUCT_BUNDLE_IDENTIFIER = co.id.binar.NetworkingTests;
				PRODUCT_NAME = "$(TARGET_NAME)";
				SWIFT_VERSION = 4.0;
				TARGETED_DEVICE_FAMILY = "1,2";
				TEST_HOST = "$(BUILT_PRODUCTS_DIR)/Networking.app/Networking";
			};
			name = Debug;
		};
		ACA7EAD02083961200B316BB /* Release */ = {
			isa = XCBuildConfiguration;
			buildSettings = {
				ALWAYS_EMBED_SWIFT_STANDARD_LIBRARIES = YES;
				BUNDLE_LOADER = "$(TEST_HOST)";
				CODE_SIGN_STYLE = Automatic;
				DEVELOPMENT_TEAM = XH2U443B3J;
				INFOPLIST_FILE = NetworkingTests/Info.plist;
				LD_RUNPATH_SEARCH_PATHS = (
					"$(inherited)",
					"@executable_path/Frameworks",
					"@loader_path/Frameworks",
				);
				PRODUCT_BUNDLE_IDENTIFIER = co.id.binar.NetworkingTests;
				PRODUCT_NAME = "$(TARGET_NAME)";
				SWIFT_VERSION = 4.0;
				TARGETED_DEVICE_FAMILY = "1,2";
				TEST_HOST = "$(BUILT_PRODUCTS_DIR)/Networking.app/Networking";
			};
			name = Release;
		};
		ACA7EAD22083961200B316BB /* Debug */ = {
			isa = XCBuildConfiguration;
			buildSettings = {
				ALWAYS_EMBED_SWIFT_STANDARD_LIBRARIES = YES;
				CODE_SIGN_STYLE = Automatic;
				DEVELOPMENT_TEAM = XH2U443B3J;
				INFOPLIST_FILE = NetworkingUITests/Info.plist;
				LD_RUNPATH_SEARCH_PATHS = (
					"$(inherited)",
					"@executable_path/Frameworks",
					"@loader_path/Frameworks",
				);
				PRODUCT_BUNDLE_IDENTIFIER = co.id.binar.NetworkingUITests;
				PRODUCT_NAME = "$(TARGET_NAME)";
				SWIFT_VERSION = 4.0;
				TARGETED_DEVICE_FAMILY = "1,2";
				TEST_TARGET_NAME = Networking;
			};
			name = Debug;
		};
		ACA7EAD32083961200B316BB /* Release */ = {
			isa = XCBuildConfiguration;
			buildSettings = {
				ALWAYS_EMBED_SWIFT_STANDARD_LIBRARIES = YES;
				CODE_SIGN_STYLE = Automatic;
				DEVELOPMENT_TEAM = XH2U443B3J;
				INFOPLIST_FILE = NetworkingUITests/Info.plist;
				LD_RUNPATH_SEARCH_PATHS = (
					"$(inherited)",
					"@executable_path/Frameworks",
					"@loader_path/Frameworks",
				);
				PRODUCT_BUNDLE_IDENTIFIER = co.id.binar.NetworkingUITests;
				PRODUCT_NAME = "$(TARGET_NAME)";
				SWIFT_VERSION = 4.0;
				TARGETED_DEVICE_FAMILY = "1,2";
				TEST_TARGET_NAME = Networking;
			};
			name = Release;
		};
/* End XCBuildConfiguration section */

/* Begin XCConfigurationList section */
		ACA7EA9E2083961000B316BB /* Build configuration list for PBXProject "Networking" */ = {
			isa = XCConfigurationList;
			buildConfigurations = (
				ACA7EAC92083961200B316BB /* Debug */,
				ACA7EACA2083961200B316BB /* Release */,
			);
			defaultConfigurationIsVisible = 0;
			defaultConfigurationName = Release;
		};
		ACA7EACB2083961200B316BB /* Build configuration list for PBXNativeTarget "Networking" */ = {
			isa = XCConfigurationList;
			buildConfigurations = (
				ACA7EACC2083961200B316BB /* Debug */,
				ACA7EACD2083961200B316BB /* Release */,
			);
			defaultConfigurationIsVisible = 0;
			defaultConfigurationName = Release;
		};
		ACA7EACE2083961200B316BB /* Build configuration list for PBXNativeTarget "NetworkingTests" */ = {
			isa = XCConfigurationList;
			buildConfigurations = (
				ACA7EACF2083961200B316BB /* Debug */,
				ACA7EAD02083961200B316BB /* Release */,
			);
			defaultConfigurationIsVisible = 0;
			defaultConfigurationName = Release;
		};
		ACA7EAD12083961200B316BB /* Build configuration list for PBXNativeTarget "NetworkingUITests" */ = {
			isa = XCConfigurationList;
			buildConfigurations = (
				ACA7EAD22083961200B316BB /* Debug */,
				ACA7EAD32083961200B316BB /* Release */,
			);
			defaultConfigurationIsVisible = 0;
			defaultConfigurationName = Release;
		};
/* End XCConfigurationList section */
	};
	rootObject = ACA7EA9B2083961000B316BB /* Project object */;
}
